
Microsoft Visual Studio Solution File, Format Version 12.00
# Visual Studio Version 16
VisualStudioVersion = 16.0.29911.84
MinimumVisualStudioVersion = 10.0.40219.1
Project("{FAE04EC0-301F-11D3-BF4B-00C04F79EFBC}") = "OvataRetailManager", "OvataRetailManager.csproj", "{FF50E297-A2BB-464E-AFF4-B3ACC0B3DB8F}"
EndProject
Project("{00D1A9C2-B5F0-4AF3-8072-F6C62B433612}") = "ORMDatabase", "..\ORMDatabase\ORMDatabase.sqlproj", "{3548D523-2546-407B-91F1-F4FAA21863BE}"
EndProject
Project("{FAE04EC0-301F-11D3-BF4B-00C04F79EFBC}") = "ORMDesktopUI", "..\ORMDesktopUI\ORMDesktopUI.csproj", "{36E4E707-0779-4736-A9C7-5740F07B20EF}"
EndProject
Project("{FAE04EC0-301F-11D3-BF4B-00C04F79EFBC}") = "ORMDataManager.Library", "..\ORMDataManager.Library\ORMDataManager.Library.csproj", "{CD9FF28D-17C0-4284-AC10-095469CECC0E}"
EndProject
Project("{FAE04EC0-301F-11D3-BF4B-00C04F79EFBC}") = "ORMDesktopUI.Library", "..\ORMDesktopUI.Library\ORMDesktopUI.Library.csproj", "{9E5977B7-FDFD-436F-AB32-EB04C4B51975}"
EndProject
Global
	GlobalSection(SolutionConfigurationPlatforms) = preSolution
		Debug|Any CPU = Debug|Any CPU
		Release|Any CPU = Release|Any CPU
	EndGlobalSection
	GlobalSection(ProjectConfigurationPlatforms) = postSolution
		{FF50E297-A2BB-464E-AFF4-B3ACC0B3DB8F}.Debug|Any CPU.ActiveCfg = Debug|Any CPU
		{FF50E297-A2BB-464E-AFF4-B3ACC0B3DB8F}.Debug|Any CPU.Build.0 = Debug|Any CPU
		{FF50E297-A2BB-464E-AFF4-B3ACC0B3DB8F}.Release|Any CPU.ActiveCfg = Release|Any CPU
		{FF50E297-A2BB-464E-AFF4-B3ACC0B3DB8F}.Release|Any CPU.Build.0 = Release|Any CPU
		{3548D523-2546-407B-91F1-F4FAA21863BE}.Debug|Any CPU.ActiveCfg = Debug|Any CPU
		{3548D523-2546-407B-91F1-F4FAA21863BE}.Debug|Any CPU.Build.0 = Debug|Any CPU
		{3548D523-2546-407B-91F1-F4FAA21863BE}.Debug|Any CPU.Deploy.0 = Debug|Any CPU
		{3548D523-2546-407B-91F1-F4FAA21863BE}.Release|Any CPU.ActiveCfg = Release|Any CPU
		{3548D523-2546-407B-91F1-F4FAA21863BE}.Release|Any CPU.Build.0 = Release|Any CPU
		{3548D523-2546-407B-91F1-F4FAA21863BE}.Release|Any CPU.Deploy.0 = Release|Any CPU
		{36E4E707-0779-4736-A9C7-5740F07B20EF}.Debug|Any CPU.ActiveCfg = Debug|Any CPU
		{36E4E707-0779-4736-A9C7-5740F07B20EF}.Debug|Any CPU.Build.0 = Debug|Any CPU
		{36E4E707-0779-4736-A9C7-5740F07B20EF}.Release|Any CPU.ActiveCfg = Release|Any CPU
		{36E4E707-0779-4736-A9C7-5740F07B20EF}.Release|Any CPU.Build.0 = Release|Any CPU
		{CD9FF28D-17C0-4284-AC10-095469CECC0E}.Debug|Any CPU.ActiveCfg = Debug|Any CPU
		{CD9FF28D-17C0-4284-AC10-095469CECC0E}.Debug|Any CPU.Build.0 = Debug|Any CPU
		{CD9FF28D-17C0-4284-AC10-095469CECC0E}.Release|Any CPU.ActiveCfg = Release|Any CPU
		{CD9FF28D-17C0-4284-AC10-095469CECC0E}.Release|Any CPU.Build.0 = Release|Any CPU
		{9E5977B7-FDFD-436F-AB32-EB04C4B51975}.Debug|Any CPU.ActiveCfg = Debug|Any CPU
		{9E5977B7-FDFD-436F-AB32-EB04C4B51975}.Debug|Any CPU.Build.0 = Debug|Any CPU
		{9E5977B7-FDFD-436F-AB32-EB04C4B51975}.Release|Any CPU.ActiveCfg = Release|Any CPU
		{9E5977B7-FDFD-436F-AB32-EB04C4B51975}.Release|Any CPU.Build.0 = Release|Any CPU
	EndGlobalSection
	GlobalSection(SolutionProperties) = preSolution
		HideSolutionNode = FALSE
	EndGlobalSection
	GlobalSection(ExtensibilityGlobals) = postSolution
		SolutionGuid = {D07BC949-45A8-4034-8019-E4BF2955E091}
	EndGlobalSection
EndGlobal
